
Microsoft Visual Studio Solution File, Format Version 12.00
# Visual Studio Version 17
VisualStudioVersion = 17.1.32421.90
MinimumVisualStudioVersion = 10.0.40219.1
Project("{FAE04EC0-301F-11D3-BF4B-00C04F79EFBC}") = "csharp-es01", "csharp-es01.csproj", "{3D316C82-7150-49C6-ABA6-22C0E0A09FF2}"
EndProject
Global
	GlobalSection(SolutionConfigurationPlatforms) = preSolution
		Debug|Any CPU = Debug|Any CPU
		Release|Any CPU = Release|Any CPU
	EndGlobalSection
	GlobalSection(ProjectConfigurationPlatforms) = postSolution
		{3D316C82-7150-49C6-ABA6-22C0E0A09FF2}.Debug|Any CPU.ActiveCfg = Debug|Any CPU
		{3D316C82-7150-49C6-ABA6-22C0E0A09FF2}.Debug|Any CPU.Build.0 = Debug|Any CPU
		{3D316C82-7150-49C6-ABA6-22C0E0A09FF2}.Release|Any CPU.ActiveCfg = Release|Any CPU
		{3D316C82-7150-49C6-ABA6-22C0E0A09FF2}.Release|Any CPU.Build.0 = Release|Any CPU
	EndGlobalSection
	GlobalSection(SolutionProperties) = preSolution
		HideSolutionNode = FALSE
	EndGlobalSection
	GlobalSection(ExtensibilityGlobals) = postSolution
		SolutionGuid = {3AFAF602-AE1F-45A0-80DA-7BC54434EC6C}
	EndGlobalSection
EndGlobal
